
Microsoft Visual Studio Solution File, Format Version 12.00
# Visual Studio 15
VisualStudioVersion = 15.0.27130.2010
MinimumVisualStudioVersion = 10.0.40219.1
Project("{FAE04EC0-301F-11D3-BF4B-00C04F79EFBC}") = "Game", "Game\Game.csproj", "{C511987C-7C8B-40F0-99F8-48770342161C}"
EndProject
Global
	GlobalSection(SolutionConfigurationPlatforms) = preSolution
		Debug|Any CPU = Debug|Any CPU
		Release|Any CPU = Release|Any CPU
	EndGlobalSection
	GlobalSection(ProjectConfigurationPlatforms) = postSolution
		{C511987C-7C8B-40F0-99F8-48770342161C}.Debug|Any CPU.ActiveCfg = Debug|Any CPU
		{C511987C-7C8B-40F0-99F8-48770342161C}.Debug|Any CPU.Build.0 = Debug|Any CPU
		{C511987C-7C8B-40F0-99F8-48770342161C}.Release|Any CPU.ActiveCfg = Release|Any CPU
		{C511987C-7C8B-40F0-99F8-48770342161C}.Release|Any CPU.Build.0 = Release|Any CPU
	EndGlobalSection
	GlobalSection(SolutionProperties) = preSolution
		HideSolutionNode = FALSE
	EndGlobalSection
	GlobalSection(ExtensibilityGlobals) = postSolution
		SolutionGuid = {22832856-3A52-4398-B2FC-60E186B3207B}
	EndGlobalSection
EndGlobal
